
Microsoft Visual Studio Solution File, Format Version 12.00
# Visual Studio Version 17
VisualStudioVersion = 17.5.002.0
MinimumVisualStudioVersion = 10.0.40219.1
Project("{2150E333-8FDC-42A3-9474-1A3956D46DE8}") = "csharp-prep", "csharp-prep", "{05617B20-2421-46B9-B4B9-5371565F177D}"
EndProject
Project("{9A19103F-16F7-4668-BE54-9A1E7A4F7556}") = "Prep1", "csharp-prep\Prep1\Prep1.csproj", "{011534CC-B7D9-4EE3-8AB8-11137C55D8B3}"
EndProject
Project("{9A19103F-16F7-4668-BE54-9A1E7A4F7556}") = "Prep2", "csharp-prep\Prep2\Prep2.csproj", "{15178B26-AD8E-4F43-990F-D298E483C39F}"
EndProject
Project("{9A19103F-16F7-4668-BE54-9A1E7A4F7556}") = "Prep3", "csharp-prep\Prep3\Prep3.csproj", "{23ABE5EC-6256-4697-908D-524E7F651650}"
EndProject
Project("{9A19103F-16F7-4668-BE54-9A1E7A4F7556}") = "Prep4", "csharp-prep\Prep4\Prep4.csproj", "{7C2FCD69-B2BE-4C35-91AB-4A2E13119571}"
EndProject
Project("{9A19103F-16F7-4668-BE54-9A1E7A4F7556}") = "Prep5", "csharp-prep\Prep5\Prep5.csproj", "{F25A9F84-A302-47F4-9136-B5CC1E3C82F6}"
EndProject
Project("{2150E333-8FDC-42A3-9474-1A3956D46DE8}") = "final", "final", "{FFF58741-49E5-473F-9E9E-CC9A252DE0CE}"
EndProject
Project("{9A19103F-16F7-4668-BE54-9A1E7A4F7556}") = "FinalProject", "final\FinalProject\FinalProject.csproj", "{E9FBFFD8-7F3E-41AB-89A6-8CE8A8AEEE1A}"
EndProject
Project("{9A19103F-16F7-4668-BE54-9A1E7A4F7556}") = "Foundation1", "final\Foundation1\Foundation1.csproj", "{91062593-9D77-4781-899C-7A28EB0F40CB}"
EndProject
Project("{9A19103F-16F7-4668-BE54-9A1E7A4F7556}") = "Foundation2", "final\Foundation2\Foundation2.csproj", "{C54BFA7E-9338-4F1F-8CA8-DF10274FC0AA}"
EndProject
Project("{9A19103F-16F7-4668-BE54-9A1E7A4F7556}") = "Foundation3", "final\Foundation3\Foundation3.csproj", "{CE8EC2FF-D019-4E9D-A64F-A590118164F0}"
EndProject
Project("{9A19103F-16F7-4668-BE54-9A1E7A4F7556}") = "Foundation4", "final\Foundation4\Foundation4.csproj", "{8FDAA5E7-3424-4FFB-8A87-0F3C7EF3D3E2}"
EndProject
Project("{2150E333-8FDC-42A3-9474-1A3956D46DE8}") = "prepare", "prepare", "{91464EAD-641F-4FEE-91B0-293FE797C92A}"
EndProject
Project("{9A19103F-16F7-4668-BE54-9A1E7A4F7556}") = "Learning02", "prepare\Learning02\Learning02.csproj", "{B51DC5A5-A9DE-43B7-BCCC-CC4EEB865562}"
EndProject
Project("{9A19103F-16F7-4668-BE54-9A1E7A4F7556}") = "Learning03", "prepare\Learning03\Learning03.csproj", "{E4BF57E1-93EE-4BFB-BBB5-E77864D20A7E}"
EndProject
Project("{9A19103F-16F7-4668-BE54-9A1E7A4F7556}") = "Learning04", "prepare\Learning04\Learning04.csproj", "{3DDC9AFB-7505-4EC0-A2B0-E025F6EA99AE}"
EndProject
Project("{9A19103F-16F7-4668-BE54-9A1E7A4F7556}") = "Learning05", "prepare\Learning05\Learning05.csproj", "{4898038A-2395-462F-8EA3-668339EE00F3}"
EndProject
Project("{2150E333-8FDC-42A3-9474-1A3956D46DE8}") = "prove", "prove", "{B27DF051-185F-4858-A948-6BDFE474EAAD}"
EndProject
Project("{9A19103F-16F7-4668-BE54-9A1E7A4F7556}") = "Develop02", "prove\Develop02\Develop02.csproj", "{0C769C6D-2F48-4FDC-B790-57E89A2D0FBC}"
EndProject
Project("{9A19103F-16F7-4668-BE54-9A1E7A4F7556}") = "Develop03", "prove\Develop03\Develop03.csproj", "{5AC51101-2525-4961-AA8F-2EDF359E89A7}"
EndProject
Project("{9A19103F-16F7-4668-BE54-9A1E7A4F7556}") = "Develop04", "prove\Develop04\Develop04.csproj", "{3D1016BF-4E24-45AE-97B0-CFFE469882FE}"
EndProject
Project("{9A19103F-16F7-4668-BE54-9A1E7A4F7556}") = "Develop05", "prove\Develop05\Develop05.csproj", "{6EFE554A-8D24-4116-BA64-AC6DE6BE5B7E}"
EndProject
Project("{2150E333-8FDC-42A3-9474-1A3956D46DE8}") = "sandbox", "sandbox", "{0FFE0DDC-1B34-4EE7-9A42-3090D7249DF5}"
EndProject
Project("{9A19103F-16F7-4668-BE54-9A1E7A4F7556}") = "Sandbox", "sandbox\Sandbox\Sandbox.csproj", "{B5098BF6-CFBA-4D93-8019-5F2378B436E1}"
EndProject
Global
	GlobalSection(SolutionConfigurationPlatforms) = preSolution
		Debug|Any CPU = Debug|Any CPU
		Release|Any CPU = Release|Any CPU
	EndGlobalSection
	GlobalSection(ProjectConfigurationPlatforms) = postSolution
		{011534CC-B7D9-4EE3-8AB8-11137C55D8B3}.Debug|Any CPU.ActiveCfg = Debug|Any CPU
		{011534CC-B7D9-4EE3-8AB8-11137C55D8B3}.Debug|Any CPU.Build.0 = Debug|Any CPU
		{011534CC-B7D9-4EE3-8AB8-11137C55D8B3}.Release|Any CPU.ActiveCfg = Release|Any CPU
		{011534CC-B7D9-4EE3-8AB8-11137C55D8B3}.Release|Any CPU.Build.0 = Release|Any CPU
		{15178B26-AD8E-4F43-990F-D298E483C39F}.Debug|Any CPU.ActiveCfg = Debug|Any CPU
		{15178B26-AD8E-4F43-990F-D298E483C39F}.Debug|Any CPU.Build.0 = Debug|Any CPU
		{15178B26-AD8E-4F43-990F-D298E483C39F}.Release|Any CPU.ActiveCfg = Release|Any CPU
		{15178B26-AD8E-4F43-990F-D298E483C39F}.Release|Any CPU.Build.0 = Release|Any CPU
		{23ABE5EC-6256-4697-908D-524E7F651650}.Debug|Any CPU.ActiveCfg = Debug|Any CPU
		{23ABE5EC-6256-4697-908D-524E7F651650}.Debug|Any CPU.Build.0 = Debug|Any CPU
		{23ABE5EC-6256-4697-908D-524E7F651650}.Release|Any CPU.ActiveCfg = Release|Any CPU
		{23ABE5EC-6256-4697-908D-524E7F651650}.Release|Any CPU.Build.0 = Release|Any CPU
		{7C2FCD69-B2BE-4C35-91AB-4A2E13119571}.Debug|Any CPU.ActiveCfg = Debug|Any CPU
		{7C2FCD69-B2BE-4C35-91AB-4A2E13119571}.Debug|Any CPU.Build.0 = Debug|Any CPU
		{7C2FCD69-B2BE-4C35-91AB-4A2E13119571}.Release|Any CPU.ActiveCfg = Release|Any CPU
		{7C2FCD69-B2BE-4C35-91AB-4A2E13119571}.Release|Any CPU.Build.0 = Release|Any CPU
		{F25A9F84-A302-47F4-9136-B5CC1E3C82F6}.Debug|Any CPU.ActiveCfg = Debug|Any CPU
		{F25A9F84-A302-47F4-9136-B5CC1E3C82F6}.Debug|Any CPU.Build.0 = Debug|Any CPU
		{F25A9F84-A302-47F4-9136-B5CC1E3C82F6}.Release|Any CPU.ActiveCfg = Release|Any CPU
		{F25A9F84-A302-47F4-9136-B5CC1E3C82F6}.Release|Any CPU.Build.0 = Release|Any CPU
		{E9FBFFD8-7F3E-41AB-89A6-8CE8A8AEEE1A}.Debug|Any CPU.ActiveCfg = Debug|Any CPU
		{E9FBFFD8-7F3E-41AB-89A6-8CE8A8AEEE1A}.Debug|Any CPU.Build.0 = Debug|Any CPU
		{E9FBFFD8-7F3E-41AB-89A6-8CE8A8AEEE1A}.Release|Any CPU.ActiveCfg = Release|Any CPU
		{E9FBFFD8-7F3E-41AB-89A6-8CE8A8AEEE1A}.Release|Any CPU.Build.0 = Release|Any CPU
		{91062593-9D77-4781-899C-7A28EB0F40CB}.Debug|Any CPU.ActiveCfg = Debug|Any CPU
		{91062593-9D77-4781-899C-7A28EB0F40CB}.Debug|Any CPU.Build.0 = Debug|Any CPU
		{91062593-9D77-4781-899C-7A28EB0F40CB}.Release|Any CPU.ActiveCfg = Release|Any CPU
		{91062593-9D77-4781-899C-7A28EB0F40CB}.Release|Any CPU.Build.0 = Release|Any CPU
		{C54BFA7E-9338-4F1F-8CA8-DF10274FC0AA}.Debug|Any CPU.ActiveCfg = Debug|Any CPU
		{C54BFA7E-9338-4F1F-8CA8-DF10274FC0AA}.Debug|Any CPU.Build.0 = Debug|Any CPU
		{C54BFA7E-9338-4F1F-8CA8-DF10274FC0AA}.Release|Any CPU.ActiveCfg = Release|Any CPU
		{C54BFA7E-9338-4F1F-8CA8-DF10274FC0AA}.Release|Any CPU.Build.0 = Release|Any CPU
		{CE8EC2FF-D019-4E9D-A64F-A590118164F0}.Debug|Any CPU.ActiveCfg = Debug|Any CPU
		{CE8EC2FF-D019-4E9D-A64F-A590118164F0}.Debug|Any CPU.Build.0 = Debug|Any CPU
		{CE8EC2FF-D019-4E9D-A64F-A590118164F0}.Release|Any CPU.ActiveCfg = Release|Any CPU
		{CE8EC2FF-D019-4E9D-A64F-A590118164F0}.Release|Any CPU.Build.0 = Release|Any CPU
		{8FDAA5E7-3424-4FFB-8A87-0F3C7EF3D3E2}.Debug|Any CPU.ActiveCfg = Debug|Any CPU
		{8FDAA5E7-3424-4FFB-8A87-0F3C7EF3D3E2}.Debug|Any CPU.Build.0 = Debug|Any CPU
		{8FDAA5E7-3424-4FFB-8A87-0F3C7EF3D3E2}.Release|Any CPU.ActiveCfg = Release|Any CPU
		{8FDAA5E7-3424-4FFB-8A87-0F3C7EF3D3E2}.Release|Any CPU.Build.0 = Release|Any CPU
		{B51DC5A5-A9DE-43B7-BCCC-CC4EEB865562}.Debug|Any CPU.ActiveCfg = Debug|Any CPU
		{B51DC5A5-A9DE-43B7-BCCC-CC4EEB865562}.Debug|Any CPU.Build.0 = Debug|Any CPU
		{B51DC5A5-A9DE-43B7-BCCC-CC4EEB865562}.Release|Any CPU.ActiveCfg = Release|Any CPU
		{B51DC5A5-A9DE-43B7-BCCC-CC4EEB865562}.Release|Any CPU.Build.0 = Release|Any CPU
		{E4BF57E1-93EE-4BFB-BBB5-E77864D20A7E}.Debug|Any CPU.ActiveCfg = Debug|Any CPU
		{E4BF57E1-93EE-4BFB-BBB5-E77864D20A7E}.Debug|Any CPU.Build.0 = Debug|Any CPU
		{E4BF57E1-93EE-4BFB-BBB5-E77864D20A7E}.Release|Any CPU.ActiveCfg = Release|Any CPU
		{E4BF57E1-93EE-4BFB-BBB5-E77864D20A7E}.Release|Any CPU.Build.0 = Release|Any CPU
		{3DDC9AFB-7505-4EC0-A2B0-E025F6EA99AE}.Debug|Any CPU.ActiveCfg = Debug|Any CPU
		{3DDC9AFB-7505-4EC0-A2B0-E025F6EA99AE}.Debug|Any CPU.Build.0 = Debug|Any CPU
		{3DDC9AFB-7505-4EC0-A2B0-E025F6EA99AE}.Release|Any CPU.ActiveCfg = Release|Any CPU
		{3DDC9AFB-7505-4EC0-A2B0-E025F6EA99AE}.Release|Any CPU.Build.0 = Release|Any CPU
		{4898038A-2395-462F-8EA3-668339EE00F3}.Debug|Any CPU.ActiveCfg = Debug|Any CPU
		{4898038A-2395-462F-8EA3-668339EE00F3}.Debug|Any CPU.Build.0 = Debug|Any CPU
		{4898038A-2395-462F-8EA3-668339EE00F3}.Release|Any CPU.ActiveCfg = Release|Any CPU
		{4898038A-2395-462F-8EA3-668339EE00F3}.Release|Any CPU.Build.0 = Release|Any CPU
		{0C769C6D-2F48-4FDC-B790-57E89A2D0FBC}.Debug|Any CPU.ActiveCfg = Debug|Any CPU
		{0C769C6D-2F48-4FDC-B790-57E89A2D0FBC}.Debug|Any CPU.Build.0 = Debug|Any CPU
		{0C769C6D-2F48-4FDC-B790-57E89A2D0FBC}.Release|Any CPU.ActiveCfg = Release|Any CPU
		{0C769C6D-2F48-4FDC-B790-57E89A2D0FBC}.Release|Any CPU.Build.0 = Release|Any CPU
		{5AC51101-2525-4961-AA8F-2EDF359E89A7}.Debug|Any CPU.ActiveCfg = Debug|Any CPU
		{5AC51101-2525-4961-AA8F-2EDF359E89A7}.Debug|Any CPU.Build.0 = Debug|Any CPU
		{5AC51101-2525-4961-AA8F-2EDF359E89A7}.Release|Any CPU.ActiveCfg = Release|Any CPU
		{5AC51101-2525-4961-AA8F-2EDF359E89A7}.Release|Any CPU.Build.0 = Release|Any CPU
		{3D1016BF-4E24-45AE-97B0-CFFE469882FE}.Debug|Any CPU.ActiveCfg = Debug|Any CPU
		{3D1016BF-4E24-45AE-97B0-CFFE469882FE}.Debug|Any CPU.Build.0 = Debug|Any CPU
		{3D1016BF-4E24-45AE-97B0-CFFE469882FE}.Release|Any CPU.ActiveCfg = Release|Any CPU
		{3D1016BF-4E24-45AE-97B0-CFFE469882FE}.Release|Any CPU.Build.0 = Release|Any CPU
		{6EFE554A-8D24-4116-BA64-AC6DE6BE5B7E}.Debug|Any CPU.ActiveCfg = Debug|Any CPU
		{6EFE554A-8D24-4116-BA64-AC6DE6BE5B7E}.Debug|Any CPU.Build.0 = Debug|Any CPU
		{6EFE554A-8D24-4116-BA64-AC6DE6BE5B7E}.Release|Any CPU.ActiveCfg = Release|Any CPU
		{6EFE554A-8D24-4116-BA64-AC6DE6BE5B7E}.Release|Any CPU.Build.0 = Release|Any CPU
		{B5098BF6-CFBA-4D93-8019-5F2378B436E1}.Debug|Any CPU.ActiveCfg = Debug|Any CPU
		{B5098BF6-CFBA-4D93-8019-5F2378B436E1}.Debug|Any CPU.Build.0 = Debug|Any CPU
		{B5098BF6-CFBA-4D93-8019-5F2378B436E1}.Release|Any CPU.ActiveCfg = Release|Any CPU
		{B5098BF6-CFBA-4D93-8019-5F2378B436E1}.Release|Any CPU.Build.0 = Release|Any CPU
	EndGlobalSection
	GlobalSection(SolutionProperties) = preSolution
		HideSolutionNode = FALSE
	EndGlobalSection
	GlobalSection(NestedProjects) = preSolution
		{011534CC-B7D9-4EE3-8AB8-11137C55D8B3} = {05617B20-2421-46B9-B4B9-5371565F177D}
		{15178B26-AD8E-4F43-990F-D298E483C39F} = {05617B20-2421-46B9-B4B9-5371565F177D}
		{23ABE5EC-6256-4697-908D-524E7F651650} = {05617B20-2421-46B9-B4B9-5371565F177D}
		{7C2FCD69-B2BE-4C35-91AB-4A2E13119571} = {05617B20-2421-46B9-B4B9-5371565F177D}
		{F25A9F84-A302-47F4-9136-B5CC1E3C82F6} = {05617B20-2421-46B9-B4B9-5371565F177D}
		{E9FBFFD8-7F3E-41AB-89A6-8CE8A8AEEE1A} = {FFF58741-49E5-473F-9E9E-CC9A252DE0CE}
		{91062593-9D77-4781-899C-7A28EB0F40CB} = {FFF58741-49E5-473F-9E9E-CC9A252DE0CE}
		{C54BFA7E-9338-4F1F-8CA8-DF10274FC0AA} = {FFF58741-49E5-473F-9E9E-CC9A252DE0CE}
		{CE8EC2FF-D019-4E9D-A64F-A590118164F0} = {FFF58741-49E5-473F-9E9E-CC9A252DE0CE}
		{8FDAA5E7-3424-4FFB-8A87-0F3C7EF3D3E2} = {FFF58741-49E5-473F-9E9E-CC9A252DE0CE}
		{B51DC5A5-A9DE-43B7-BCCC-CC4EEB865562} = {91464EAD-641F-4FEE-91B0-293FE797C92A}
		{E4BF57E1-93EE-4BFB-BBB5-E77864D20A7E} = {91464EAD-641F-4FEE-91B0-293FE797C92A}
		{3DDC9AFB-7505-4EC0-A2B0-E025F6EA99AE} = {91464EAD-641F-4FEE-91B0-293FE797C92A}
		{4898038A-2395-462F-8EA3-668339EE00F3} = {91464EAD-641F-4FEE-91B0-293FE797C92A}
		{0C769C6D-2F48-4FDC-B790-57E89A2D0FBC} = {B27DF051-185F-4858-A948-6BDFE474EAAD}
		{5AC51101-2525-4961-AA8F-2EDF359E89A7} = {B27DF051-185F-4858-A948-6BDFE474EAAD}
		{3D1016BF-4E24-45AE-97B0-CFFE469882FE} = {B27DF051-185F-4858-A948-6BDFE474EAAD}
		{6EFE554A-8D24-4116-BA64-AC6DE6BE5B7E} = {B27DF051-185F-4858-A948-6BDFE474EAAD}
		{B5098BF6-CFBA-4D93-8019-5F2378B436E1} = {0FFE0DDC-1B34-4EE7-9A42-3090D7249DF5}
	EndGlobalSection
	GlobalSection(ExtensibilityGlobals) = postSolution
		SolutionGuid = {910AF80D-E7B9-428D-9208-3442D203B312}
	EndGlobalSection
EndGlobal
